
Microsoft Visual Studio Solution File, Format Version 12.00
# Visual Studio Version 16
VisualStudioVersion = 16.0.31702.278
MinimumVisualStudioVersion = 10.0.40219.1
Project("{9A19103F-16F7-4668-BE54-9A1E7A4F7556}") = "mic2console", "src\mic2console\mic2console.csproj", "{707D5A4E-0B63-4B41-AD28-B474D25439FE}"
EndProject
Project("{9A19103F-16F7-4668-BE54-9A1E7A4F7556}") = "media2text", "src\media2text\media2text.csproj", "{EED5C898-4A27-4912-9260-212F391C77C1}"
EndProject
Global
	GlobalSection(SolutionConfigurationPlatforms) = preSolution
		Debug|Any CPU = Debug|Any CPU
		Debug|ARM = Debug|ARM
		Debug|ARM64 = Debug|ARM64
		Debug|x64 = Debug|x64
		Debug|x86 = Debug|x86
		Release|Any CPU = Release|Any CPU
		Release|ARM = Release|ARM
		Release|ARM64 = Release|ARM64
		Release|x64 = Release|x64
		Release|x86 = Release|x86
	EndGlobalSection
	GlobalSection(ProjectConfigurationPlatforms) = postSolution
		{707D5A4E-0B63-4B41-AD28-B474D25439FE}.Debug|Any CPU.ActiveCfg = Debug|Any CPU
		{707D5A4E-0B63-4B41-AD28-B474D25439FE}.Debug|Any CPU.Build.0 = Debug|Any CPU
		{707D5A4E-0B63-4B41-AD28-B474D25439FE}.Debug|ARM.ActiveCfg = Debug|Any CPU
		{707D5A4E-0B63-4B41-AD28-B474D25439FE}.Debug|ARM.Build.0 = Debug|Any CPU
		{707D5A4E-0B63-4B41-AD28-B474D25439FE}.Debug|ARM64.ActiveCfg = Debug|Any CPU
		{707D5A4E-0B63-4B41-AD28-B474D25439FE}.Debug|ARM64.Build.0 = Debug|Any CPU
		{707D5A4E-0B63-4B41-AD28-B474D25439FE}.Debug|x64.ActiveCfg = Debug|Any CPU
		{707D5A4E-0B63-4B41-AD28-B474D25439FE}.Debug|x64.Build.0 = Debug|Any CPU
		{707D5A4E-0B63-4B41-AD28-B474D25439FE}.Debug|x86.ActiveCfg = Debug|Any CPU
		{707D5A4E-0B63-4B41-AD28-B474D25439FE}.Debug|x86.Build.0 = Debug|Any CPU
		{707D5A4E-0B63-4B41-AD28-B474D25439FE}.Release|Any CPU.ActiveCfg = Release|Any CPU
		{707D5A4E-0B63-4B41-AD28-B474D25439FE}.Release|Any CPU.Build.0 = Release|Any CPU
		{707D5A4E-0B63-4B41-AD28-B474D25439FE}.Release|ARM.ActiveCfg = Release|Any CPU
		{707D5A4E-0B63-4B41-AD28-B474D25439FE}.Release|ARM.Build.0 = Release|Any CPU
		{707D5A4E-0B63-4B41-AD28-B474D25439FE}.Release|ARM64.ActiveCfg = Release|Any CPU
		{707D5A4E-0B63-4B41-AD28-B474D25439FE}.Release|ARM64.Build.0 = Release|Any CPU
		{707D5A4E-0B63-4B41-AD28-B474D25439FE}.Release|x64.ActiveCfg = Release|Any CPU
		{707D5A4E-0B63-4B41-AD28-B474D25439FE}.Release|x64.Build.0 = Release|Any CPU
		{707D5A4E-0B63-4B41-AD28-B474D25439FE}.Release|x86.ActiveCfg = Release|Any CPU
		{707D5A4E-0B63-4B41-AD28-B474D25439FE}.Release|x86.Build.0 = Release|Any CPU
		{EED5C898-4A27-4912-9260-212F391C77C1}.Debug|Any CPU.ActiveCfg = Debug|Any CPU
		{EED5C898-4A27-4912-9260-212F391C77C1}.Debug|Any CPU.Build.0 = Debug|Any CPU
		{EED5C898-4A27-4912-9260-212F391C77C1}.Debug|ARM.ActiveCfg = Debug|Any CPU
		{EED5C898-4A27-4912-9260-212F391C77C1}.Debug|ARM.Build.0 = Debug|Any CPU
		{EED5C898-4A27-4912-9260-212F391C77C1}.Debug|ARM64.ActiveCfg = Debug|Any CPU
		{EED5C898-4A27-4912-9260-212F391C77C1}.Debug|ARM64.Build.0 = Debug|Any CPU
		{EED5C898-4A27-4912-9260-212F391C77C1}.Debug|x64.ActiveCfg = Debug|Any CPU
		{EED5C898-4A27-4912-9260-212F391C77C1}.Debug|x64.Build.0 = Debug|Any CPU
		{EED5C898-4A27-4912-9260-212F391C77C1}.Debug|x86.ActiveCfg = Debug|Any CPU
		{EED5C898-4A27-4912-9260-212F391C77C1}.Debug|x86.Build.0 = Debug|Any CPU
		{EED5C898-4A27-4912-9260-212F391C77C1}.Release|Any CPU.ActiveCfg = Release|Any CPU
		{EED5C898-4A27-4912-9260-212F391C77C1}.Release|Any CPU.Build.0 = Release|Any CPU
		{EED5C898-4A27-4912-9260-212F391C77C1}.Release|ARM.ActiveCfg = Release|Any CPU
		{EED5C898-4A27-4912-9260-212F391C77C1}.Release|ARM.Build.0 = Release|Any CPU
		{EED5C898-4A27-4912-9260-212F391C77C1}.Release|ARM64.ActiveCfg = Release|Any CPU
		{EED5C898-4A27-4912-9260-212F391C77C1}.Release|ARM64.Build.0 = Release|Any CPU
		{EED5C898-4A27-4912-9260-212F391C77C1}.Release|x64.ActiveCfg = Release|Any CPU
		{EED5C898-4A27-4912-9260-212F391C77C1}.Release|x64.Build.0 = Release|Any CPU
		{EED5C898-4A27-4912-9260-212F391C77C1}.Release|x86.ActiveCfg = Release|Any CPU
		{EED5C898-4A27-4912-9260-212F391C77C1}.Release|x86.Build.0 = Release|Any CPU
	EndGlobalSection
	GlobalSection(SolutionProperties) = preSolution
		HideSolutionNode = FALSE
	EndGlobalSection
	GlobalSection(ExtensibilityGlobals) = postSolution
		SolutionGuid = {92509208-F892-4890-BF6A-7081101D094E}
	EndGlobalSection
EndGlobal
