
Microsoft Visual Studio Solution File, Format Version 12.00
# Visual Studio Version 16
VisualStudioVersion = 16.0.31702.278
MinimumVisualStudioVersion = 10.0.40219.1
Project("{FAE04EC0-301F-11D3-BF4B-00C04F79EFBC}") = "mic2console", "src\mic2console\mic2console.csproj", "{707D5A4E-0B63-4B41-AD28-B474D25439FE}"
EndProject
Global
	GlobalSection(SolutionConfigurationPlatforms) = preSolution
		Debug|Any CPU = Debug|Any CPU
		Release|Any CPU = Release|Any CPU
	EndGlobalSection
	GlobalSection(ProjectConfigurationPlatforms) = postSolution
		{707D5A4E-0B63-4B41-AD28-B474D25439FE}.Debug|Any CPU.ActiveCfg = Debug|Any CPU
		{707D5A4E-0B63-4B41-AD28-B474D25439FE}.Debug|Any CPU.Build.0 = Debug|Any CPU
		{707D5A4E-0B63-4B41-AD28-B474D25439FE}.Release|Any CPU.ActiveCfg = Release|Any CPU
		{707D5A4E-0B63-4B41-AD28-B474D25439FE}.Release|Any CPU.Build.0 = Release|Any CPU
	EndGlobalSection
	GlobalSection(SolutionProperties) = preSolution
		HideSolutionNode = FALSE
	EndGlobalSection
	GlobalSection(ExtensibilityGlobals) = postSolution
		SolutionGuid = {92509208-F892-4890-BF6A-7081101D094E}
	EndGlobalSection
EndGlobal
